
Microsoft Visual Studio Solution File, Format Version 12.00
# Visual Studio 14
VisualStudioVersion = 14.0.25420.1
MinimumVisualStudioVersion = 10.0.40219.1
Project("{FAE04EC0-301F-11D3-BF4B-00C04F79EFBC}") = "DesignPattern", "DesignPattern\DesignPattern.csproj", "{E49363C6-E5F4-4CDB-B2E0-A9F929E9FA76}"
EndProject
Project("{FAE04EC0-301F-11D3-BF4B-00C04F79EFBC}") = "Exo1", "Exo1\Exo1.csproj", "{0490A2F9-0A0C-4FBF-9C1C-74D49CB9931E}"
EndProject
Project("{F088123C-0E9E-452A-89E6-6BA2F21D5CAC}") = "ModelingProject1", "ModelingProject1\ModelingProject1.modelproj", "{9B457E49-1AFA-4929-90D2-5BF7BADF1DB0}"
EndProject
Global
	GlobalSection(SolutionConfigurationPlatforms) = preSolution
		Debug|Any CPU = Debug|Any CPU
		Release|Any CPU = Release|Any CPU
	EndGlobalSection
	GlobalSection(ProjectConfigurationPlatforms) = postSolution
		{E49363C6-E5F4-4CDB-B2E0-A9F929E9FA76}.Debug|Any CPU.ActiveCfg = Debug|Any CPU
		{E49363C6-E5F4-4CDB-B2E0-A9F929E9FA76}.Debug|Any CPU.Build.0 = Debug|Any CPU
		{E49363C6-E5F4-4CDB-B2E0-A9F929E9FA76}.Release|Any CPU.ActiveCfg = Release|Any CPU
		{E49363C6-E5F4-4CDB-B2E0-A9F929E9FA76}.Release|Any CPU.Build.0 = Release|Any CPU
		{0490A2F9-0A0C-4FBF-9C1C-74D49CB9931E}.Debug|Any CPU.ActiveCfg = Debug|Any CPU
		{0490A2F9-0A0C-4FBF-9C1C-74D49CB9931E}.Debug|Any CPU.Build.0 = Debug|Any CPU
		{0490A2F9-0A0C-4FBF-9C1C-74D49CB9931E}.Release|Any CPU.ActiveCfg = Release|Any CPU
		{0490A2F9-0A0C-4FBF-9C1C-74D49CB9931E}.Release|Any CPU.Build.0 = Release|Any CPU
		{9B457E49-1AFA-4929-90D2-5BF7BADF1DB0}.Debug|Any CPU.ActiveCfg = Debug|Any CPU
		{9B457E49-1AFA-4929-90D2-5BF7BADF1DB0}.Debug|Any CPU.Build.0 = Debug|Any CPU
		{9B457E49-1AFA-4929-90D2-5BF7BADF1DB0}.Release|Any CPU.ActiveCfg = Release|Any CPU
		{9B457E49-1AFA-4929-90D2-5BF7BADF1DB0}.Release|Any CPU.Build.0 = Release|Any CPU
	EndGlobalSection
	GlobalSection(SolutionProperties) = preSolution
		HideSolutionNode = FALSE
	EndGlobalSection
EndGlobal
